
Microsoft Visual Studio Solution File, Format Version 11.00
# Visual Studio 2010
Project("{D2ABAB84-BF74-430A-B69E-9DC6D40DDA17}") = "Analysis Services Tutorial", "Analysis Services Tutorial\Analysis Services Tutorial.dwproj", "{17465F17-C05B-466E-9A55-EC1E1DB76C52}"
EndProject
Global
	GlobalSection(SolutionConfigurationPlatforms) = preSolution
		Development|Default = Development|Default
	EndGlobalSection
	GlobalSection(ProjectConfigurationPlatforms) = postSolution
		{17465F17-C05B-466E-9A55-EC1E1DB76C52}.Development|Default.ActiveCfg = Development
		{17465F17-C05B-466E-9A55-EC1E1DB76C52}.Development|Default.Build.0 = Development
		{17465F17-C05B-466E-9A55-EC1E1DB76C52}.Development|Default.Deploy.0 = Development
	EndGlobalSection
	GlobalSection(SolutionProperties) = preSolution
		HideSolutionNode = FALSE
	EndGlobalSection
EndGlobal
