
Microsoft Visual Studio Solution File, Format Version 11.00
# Visual Studio 2010
Project("{D2ABAB84-BF74-430A-B69E-9DC6D40DDA17}") = "Analysis Services Tutorial", "Analysis Services Tutorial\Analysis Services Tutorial.dwproj", "{06773AD8-8E7A-4EC3-B7EF-C705F097B868}"
EndProject
Global
	GlobalSection(SolutionConfigurationPlatforms) = preSolution
		Development|Default = Development|Default
	EndGlobalSection
	GlobalSection(ProjectConfigurationPlatforms) = postSolution
		{06773AD8-8E7A-4EC3-B7EF-C705F097B868}.Development|Default.ActiveCfg = Development
		{06773AD8-8E7A-4EC3-B7EF-C705F097B868}.Development|Default.Build.0 = Development
		{06773AD8-8E7A-4EC3-B7EF-C705F097B868}.Development|Default.Deploy.0 = Development
	EndGlobalSection
	GlobalSection(SolutionProperties) = preSolution
		HideSolutionNode = FALSE
	EndGlobalSection
EndGlobal
